{
  "name": "codekit-project",
  "version": "1.0.0",
  "lockfileVersion": 1,
  "requires": true,
  "dependencies": {
    "@fancyapps/ui": {
      "version": "4.0.25",
      "resolved": "https://registry.npmjs.org/@fancyapps/ui/-/ui-4.0.25.tgz",
      "integrity": "sha512-jZySO1cRTu+AOlHFKZBiKKX1BuaY56aX08j1Nzd7fijqi3c4YI05387QIl7POTWeqwjmfE+zSR0Hfn7fxL8NUg=="
    },
    "gsap": {
      "version": "3.9.1",
      "resolved": "https://registry.npmjs.org/gsap/-/gsap-3.9.1.tgz",
      "integrity": "sha512-JSGVYoC6da4pIjdF/yxFU6Rz8OojOIDkbooveZlfNg0+JIoFoRruyfWAEi6R/gUeNcuOiTqUIb0gi1nCNrHf8w=="
    }
  }
}
